
Microsoft Visual Studio Solution File, Format Version 12.00
# Visual Studio Version 16
VisualStudioVersion = 16.0.29306.81
MinimumVisualStudioVersion = 10.0.40219.1
Project("{FAE04EC0-301F-11D3-BF4B-00C04F79EFBC}") = "kararsizligasonuygulamasi", "kararsizliğasonuygulamasi\kararsizligasonuygulamasi.csproj", "{9701AAA8-278F-4926-8310-F5B78CF44EDF}"
EndProject
Global
	GlobalSection(SolutionConfigurationPlatforms) = preSolution
		Debug|Any CPU = Debug|Any CPU
		Release|Any CPU = Release|Any CPU
	EndGlobalSection
	GlobalSection(ProjectConfigurationPlatforms) = postSolution
		{9701AAA8-278F-4926-8310-F5B78CF44EDF}.Debug|Any CPU.ActiveCfg = Debug|Any CPU
		{9701AAA8-278F-4926-8310-F5B78CF44EDF}.Debug|Any CPU.Build.0 = Debug|Any CPU
		{9701AAA8-278F-4926-8310-F5B78CF44EDF}.Release|Any CPU.ActiveCfg = Release|Any CPU
		{9701AAA8-278F-4926-8310-F5B78CF44EDF}.Release|Any CPU.Build.0 = Release|Any CPU
	EndGlobalSection
	GlobalSection(SolutionProperties) = preSolution
		HideSolutionNode = FALSE
	EndGlobalSection
	GlobalSection(ExtensibilityGlobals) = postSolution
		SolutionGuid = {B5A3C67B-ECD6-4BB7-A821-B86976FC1088}
	EndGlobalSection
EndGlobal
